
Microsoft Visual Studio Solution File, Format Version 12.00
# Visual Studio Version 16
VisualStudioVersion = 16.0.30517.126
MinimumVisualStudioVersion = 10.0.40219.1
Project("{9A19103F-16F7-4668-BE54-9A1E7A4F7556}") = "EmployeePayrollService", "EmployeePayrollService\EmployeePayrollService.csproj", "{67E13394-9203-4842-8856-CFB0CC175ED0}"
EndProject
Project("{FAE04EC0-301F-11D3-BF4B-00C04F79EFBC}") = "EmployeePayrollTest", "EmployeePayrollTest\EmployeePayrollTest.csproj", "{2B5C22D6-4739-4083-BAE7-7EB6D9FE9E0A}"
EndProject
Global
	GlobalSection(SolutionConfigurationPlatforms) = preSolution
		Debug|Any CPU = Debug|Any CPU
		Release|Any CPU = Release|Any CPU
	EndGlobalSection
	GlobalSection(ProjectConfigurationPlatforms) = postSolution
		{67E13394-9203-4842-8856-CFB0CC175ED0}.Debug|Any CPU.ActiveCfg = Debug|Any CPU
		{67E13394-9203-4842-8856-CFB0CC175ED0}.Debug|Any CPU.Build.0 = Debug|Any CPU
		{67E13394-9203-4842-8856-CFB0CC175ED0}.Release|Any CPU.ActiveCfg = Release|Any CPU
		{67E13394-9203-4842-8856-CFB0CC175ED0}.Release|Any CPU.Build.0 = Release|Any CPU
		{2B5C22D6-4739-4083-BAE7-7EB6D9FE9E0A}.Debug|Any CPU.ActiveCfg = Debug|Any CPU
		{2B5C22D6-4739-4083-BAE7-7EB6D9FE9E0A}.Debug|Any CPU.Build.0 = Debug|Any CPU
		{2B5C22D6-4739-4083-BAE7-7EB6D9FE9E0A}.Release|Any CPU.ActiveCfg = Release|Any CPU
		{2B5C22D6-4739-4083-BAE7-7EB6D9FE9E0A}.Release|Any CPU.Build.0 = Release|Any CPU
	EndGlobalSection
	GlobalSection(SolutionProperties) = preSolution
		HideSolutionNode = FALSE
	EndGlobalSection
	GlobalSection(ExtensibilityGlobals) = postSolution
		SolutionGuid = {B8987821-DBC9-4D82-A17D-512E1044A7F3}
	EndGlobalSection
EndGlobal
